Microsoft Visual Studio Solution File, Format Version 11.00
# Visual Studio 2008

Project("{94C07DA5-A1E9-40B9-FD7A-AED04663953A}") = "meiti", "Assembly-CSharp.csproj", "{08DA3B11-658E-945A-F42C-C7D5FD7EF201}"
EndProject
Project("{94C07DA5-A1E9-40B9-FD7A-AED04663953A}") = "meiti", "Assembly-CSharp-Editor.csproj", "{CE7D729C-4E54-FCC0-2197-C35B00EDAB49}"
EndProject
Global
	GlobalSection(SolutionConfigurationPlatforms) = preSolution
		Debug|Any CPU = Debug|Any CPU
		Release|Any CPU = Release|Any CPU
	EndGlobalSection
	GlobalSection(ProjectConfigurationPlatforms) = postSolution
		{08DA3B11-658E-945A-F42C-C7D5FD7EF201}.Debug|Any CPU.ActiveCfg = Debug|Any CPU
		{08DA3B11-658E-945A-F42C-C7D5FD7EF201}.Debug|Any CPU.Build.0 = Debug|Any CPU
		{08DA3B11-658E-945A-F42C-C7D5FD7EF201}.Release|Any CPU.ActiveCfg = Release|Any CPU
		{08DA3B11-658E-945A-F42C-C7D5FD7EF201}.Release|Any CPU.Build.0 = Release|Any CPU
		{CE7D729C-4E54-FCC0-2197-C35B00EDAB49}.Debug|Any CPU.ActiveCfg = Debug|Any CPU
		{CE7D729C-4E54-FCC0-2197-C35B00EDAB49}.Debug|Any CPU.Build.0 = Debug|Any CPU
		{CE7D729C-4E54-FCC0-2197-C35B00EDAB49}.Release|Any CPU.ActiveCfg = Release|Any CPU
		{CE7D729C-4E54-FCC0-2197-C35B00EDAB49}.Release|Any CPU.Build.0 = Release|Any CPU
	EndGlobalSection
	GlobalSection(SolutionProperties) = preSolution
		HideSolutionNode = FALSE
	EndGlobalSection
	GlobalSection(MonoDevelopProperties) = preSolution
		StartupItem = Assembly-CSharp.csproj
	EndGlobalSection
EndGlobal
